
Microsoft Visual Studio Solution File, Format Version 12.00
# Visual Studio Version 17
VisualStudioVersion = 17.6.33801.468
MinimumVisualStudioVersion = 10.0.40219.1
Project("{FAE04EC0-301F-11D3-BF4B-00C04F79EFBC}") = "WebApplication1", "WebApplication1\WebApplication1.csproj", "{07BBAE44-E879-40AA-92C8-2466BAE23C25}"
EndProject
Global
	GlobalSection(SolutionConfigurationPlatforms) = preSolution
		Debug|Any CPU = Debug|Any CPU
		Release|Any CPU = Release|Any CPU
	EndGlobalSection
	GlobalSection(ProjectConfigurationPlatforms) = postSolution
		{07BBAE44-E879-40AA-92C8-2466BAE23C25}.Debug|Any CPU.ActiveCfg = Debug|Any CPU
		{07BBAE44-E879-40AA-92C8-2466BAE23C25}.Debug|Any CPU.Build.0 = Debug|Any CPU
		{07BBAE44-E879-40AA-92C8-2466BAE23C25}.Release|Any CPU.ActiveCfg = Release|Any CPU
		{07BBAE44-E879-40AA-92C8-2466BAE23C25}.Release|Any CPU.Build.0 = Release|Any CPU
	EndGlobalSection
	GlobalSection(SolutionProperties) = preSolution
		HideSolutionNode = FALSE
	EndGlobalSection
	GlobalSection(ExtensibilityGlobals) = postSolution
		SolutionGuid = {56435BC2-D493-497C-9230-AC62CA7826DE}
	EndGlobalSection
EndGlobal
